
Microsoft Visual Studio Solution File, Format Version 12.00
# Visual Studio Version 16
VisualStudioVersion = 16.0.30523.141
MinimumVisualStudioVersion = 10.0.40219.1
Project("{FAE04EC0-301F-11D3-BF4B-00C04F79EFBC}") = "SchichtplanToICal", "SchichtplanToICal\SchichtplanToICal.csproj", "{DB5BE8A2-B1BB-437B-AE1F-61ECDFDB345C}"
EndProject
Global
	GlobalSection(SolutionConfigurationPlatforms) = preSolution
		Debug|Any CPU = Debug|Any CPU
		Release|Any CPU = Release|Any CPU
	EndGlobalSection
	GlobalSection(ProjectConfigurationPlatforms) = postSolution
		{DB5BE8A2-B1BB-437B-AE1F-61ECDFDB345C}.Debug|Any CPU.ActiveCfg = Debug|Any CPU
		{DB5BE8A2-B1BB-437B-AE1F-61ECDFDB345C}.Debug|Any CPU.Build.0 = Debug|Any CPU
		{DB5BE8A2-B1BB-437B-AE1F-61ECDFDB345C}.Release|Any CPU.ActiveCfg = Release|Any CPU
		{DB5BE8A2-B1BB-437B-AE1F-61ECDFDB345C}.Release|Any CPU.Build.0 = Release|Any CPU
	EndGlobalSection
	GlobalSection(SolutionProperties) = preSolution
		HideSolutionNode = FALSE
	EndGlobalSection
	GlobalSection(ExtensibilityGlobals) = postSolution
		SolutionGuid = {D1241160-1405-4155-8B24-8601BE5BA6A7}
	EndGlobalSection
EndGlobal
